
Microsoft Visual Studio Solution File, Format Version 12.00
# Visual Studio Version 16
VisualStudioVersion = 16.0.30709.132
MinimumVisualStudioVersion = 10.0.40219.1
Project("{2150E333-8FDC-42A3-9474-1A3956D46DE8}") = "FKRM.Application", "FKRM.Application", "{B1B52D5B-F4B3-42FA-A894-BFAB70ABCEBC}"
EndProject
Project("{2150E333-8FDC-42A3-9474-1A3956D46DE8}") = "FKRM.Domain", "FKRM.Domain", "{B4C4FBD1-5B36-4883-A0CD-C562A8CA2C12}"
EndProject
Project("{2150E333-8FDC-42A3-9474-1A3956D46DE8}") = "FKRM.Infra.Ioc", "FKRM.Infra.Ioc", "{584D5E3E-956F-4F68-8FB6-9BEE86691EDA}"
EndProject
Project("{2150E333-8FDC-42A3-9474-1A3956D46DE8}") = "FKRM.Infra.Data", "FKRM.Infra.Data", "{DFD5819E-C274-45B1-BD79-8AA43E42DF25}"
EndProject
Project("{2150E333-8FDC-42A3-9474-1A3956D46DE8}") = "FKRM.UI.MVC", "FKRM.UI.MVC", "{F366AB6D-B01E-46DE-91C9-9C6ACDB2D055}"
EndProject
Global
	GlobalSection(SolutionProperties) = preSolution
		HideSolutionNode = FALSE
	EndGlobalSection
	GlobalSection(ExtensibilityGlobals) = postSolution
		SolutionGuid = {D5E314E6-3E76-4910-B419-13D54A5D42AD}
	EndGlobalSection
EndGlobal
